
Microsoft Visual Studio Solution File, Format Version 12.00
# Visual Studio 2015
Project("{FAE04EC0-301F-11D3-BF4B-00C04F79EFBC}") = "2D Roguelike.CSharp", "2D Roguelike.CSharp.csproj", "{FFB54F65-F46A-8522-D68D-0B0F81E77E95}"
EndProject
Project("{FAE04EC0-301F-11D3-BF4B-00C04F79EFBC}") = "2D Roguelike.CSharp.Editor", "2D Roguelike.CSharp.Editor.csproj", "{326FEEA3-8F1B-5C3C-C7A3-C379D0DBE480}"
EndProject
Global
	GlobalSection(SolutionConfigurationPlatforms) = preSolution
		Debug|Any CPU = Debug|Any CPU
		Release|Any CPU = Release|Any CPU
	EndGlobalSection
	GlobalSection(ProjectConfigurationPlatforms) = postSolution
		{FFB54F65-F46A-8522-D68D-0B0F81E77E95}.Debug|Any CPU.ActiveCfg = Debug|Any CPU
		{FFB54F65-F46A-8522-D68D-0B0F81E77E95}.Debug|Any CPU.Build.0 = Debug|Any CPU
		{FFB54F65-F46A-8522-D68D-0B0F81E77E95}.Release|Any CPU.ActiveCfg = Release|Any CPU
		{FFB54F65-F46A-8522-D68D-0B0F81E77E95}.Release|Any CPU.Build.0 = Release|Any CPU
		{326FEEA3-8F1B-5C3C-C7A3-C379D0DBE480}.Debug|Any CPU.ActiveCfg = Debug|Any CPU
		{326FEEA3-8F1B-5C3C-C7A3-C379D0DBE480}.Debug|Any CPU.Build.0 = Debug|Any CPU
		{326FEEA3-8F1B-5C3C-C7A3-C379D0DBE480}.Release|Any CPU.ActiveCfg = Release|Any CPU
		{326FEEA3-8F1B-5C3C-C7A3-C379D0DBE480}.Release|Any CPU.Build.0 = Release|Any CPU
	EndGlobalSection
	GlobalSection(SolutionProperties) = preSolution
		HideSolutionNode = FALSE
	EndGlobalSection
EndGlobal
